
Microsoft Visual Studio Solution File, Format Version 12.00
# Visual Studio Version 17
VisualStudioVersion = 17.13.35825.156 d17.13
MinimumVisualStudioVersion = 10.0.40219.1
Project("{FAE04EC0-301F-11D3-BF4B-00C04F79EFBC}") = "WinWebServer", "WinWebServer\WinWebServer.csproj", "{E403FA8F-AC1C-4DF1-8204-9E007F71ECBE}"
EndProject
Global
	GlobalSection(SolutionConfigurationPlatforms) = preSolution
		Debug|Any CPU = Debug|Any CPU
		Release|Any CPU = Release|Any CPU
	EndGlobalSection
	GlobalSection(ProjectConfigurationPlatforms) = postSolution
		{E403FA8F-AC1C-4DF1-8204-9E007F71ECBE}.Debug|Any CPU.ActiveCfg = Debug|Any CPU
		{E403FA8F-AC1C-4DF1-8204-9E007F71ECBE}.Debug|Any CPU.Build.0 = Debug|Any CPU
		{E403FA8F-AC1C-4DF1-8204-9E007F71ECBE}.Release|Any CPU.ActiveCfg = Release|Any CPU
		{E403FA8F-AC1C-4DF1-8204-9E007F71ECBE}.Release|Any CPU.Build.0 = Release|Any CPU
	EndGlobalSection
	GlobalSection(SolutionProperties) = preSolution
		HideSolutionNode = FALSE
	EndGlobalSection
	GlobalSection(ExtensibilityGlobals) = postSolution
		SolutionGuid = {D07A79E6-6928-475C-9ED0-9C05DF275ABA}
	EndGlobalSection
EndGlobal
